{
    "_readme": [
        "This file locks the dependencies of your project to a known state",
        "Read more about it at https://getcomposer.org/doc/01-basic-usage.md#installing-dependencies",
        "This file is @generated automatically"
    ],
    "content-hash": "0ebf1ff62da58b7e7c1cc090f3b4edc6",
    "packages": [
        {
            "name": "prodigyview/prodigyview",
            "version": "0.9.98",
            "source": {
                "type": "git",
                "url": "https://github.com/ProdigyView-Toolkit/prodigyview.git",
                "reference": "ddf660d2ef46868afd712f1d906ca81277b11057"
            },
            "dist": {
                "type": "zip",
                "url": "https://api.github.com/repos/ProdigyView-Toolkit/prodigyview/zipball/ddf660d2ef46868afd712f1d906ca81277b11057",
                "reference": "ddf660d2ef46868afd712f1d906ca81277b11057",
                "shasum": ""
            },
            "require": {
                "php": ">=7.1.0"
            },
            "require-dev": {
                "phpunit/phpunit": "^9"
            },
            "type": "library",
            "autoload": {
                "psr-4": {
                    "prodigyview\\": "src/"
                }
            },
            "notification-url": "https://packagist.org/downloads/",
            "license": [
                "MIT"
            ],
            "authors": [
                {
                    "name": "Devin Dixon",
                    "email": "ddixon@prodigyview.com",
                    "homepage": "http://www.prodigyview.com",
                    "role": "Entrepreneur & Developer"
                }
            ],
            "description": "Complete PHP Toolkit",
            "homepage": "https://github.com/ProdigyView-Toolkit/prodigyview",
            "keywords": [
                "mvc",
                "php"
            ],
            "support": {
                "issues": "https://github.com/ProdigyView-Toolkit/prodigyview/issues",
                "source": "https://github.com/ProdigyView-Toolkit/prodigyview/tree/0.9.98"
            },
            "time": "2022-06-21T04:10:18+00:00"
        }
    ],
    "packages-dev": [],
    "aliases": [],
    "minimum-stability": "stable",
    "stability-flags": [],
    "prefer-stable": false,
    "prefer-lowest": false,
    "platform": [],
    "platform-dev": [],
    "plugin-api-version": "2.1.0"
}
